# THIS IS AN AUTOGENERATED FILE. DO NOT EDIT THIS FILE DIRECTLY.
# yarn lockfile v1


commander@~2.11.0:
  version "2.11.0"
  resolved "https://registry.yarnpkg.com/commander/-/commander-2.11.0.tgz#157152fd1e7a6c8d98a5b715cf376df928004563"

leaflet@^0.7.7:
  version "0.7.7"
  resolved "https://registry.yarnpkg.com/leaflet/-/leaflet-0.7.7.tgz#1e352ba54e63d076451fa363c900890cb2cf75ee"

source-map@~0.6.1:
  version "0.6.1"
  resolved "https://registry.yarnpkg.com/source-map/-/source-map-0.6.1.tgz#74722af32e9614e9c287a8d0bbde48b5e2f1a263"

uglify-js@^3.1.4:
  version "3.1.4"
  resolved "https://registry.yarnpkg.com/uglify-js/-/uglify-js-3.1.4.tgz#8e1efa1244b207588e525c9c1835a33458b90aee"
  dependencies:
    commander "~2.11.0"
    source-map "~0.6.1"
